{
  "name": "emoji-by-keyword",
  "lockfileVersion": 2,
  "requires": true,
  "packages": {
    "": {
      "dependencies": {
        "emojis-keywords": "^2.0.0",
        "emojis-list": "^3.0.0"
      }
    },
    "node_modules/emojis-keywords": {
      "version": "2.0.0",
      "resolved": "https://registry.npmjs.org/emojis-keywords/-/emojis-keywords-2.0.0.tgz",
      "integrity": "sha1-nUKpFs7IhxDasjHN33hMfRoeNAk=",
      "engines": {
        "node": ">= 0.10.0",
        "npm": ">= 1.4.0"
      }
    },
    "node_modules/emojis-list": {
      "version": "3.0.0",
      "resolved": "https://registry.npmjs.org/emojis-list/-/emojis-list-3.0.0.tgz",
      "integrity": "sha512-/kyM18EfinwXZbno9FyUGeFh87KC8HRQBQGildHZbEuRyWFOmv1U10o9BBp8XVZDVNNuQKyIGIu5ZYAAXJ0V2Q==",
      "engines": {
        "node": ">= 4"
      }
    }
  },
  "dependencies": {
    "emojis-keywords": {
      "version": "2.0.0",
      "resolved": "https://registry.npmjs.org/emojis-keywords/-/emojis-keywords-2.0.0.tgz",
      "integrity": "sha1-nUKpFs7IhxDasjHN33hMfRoeNAk="
    },
    "emojis-list": {
      "version": "3.0.0",
      "resolved": "https://registry.npmjs.org/emojis-list/-/emojis-list-3.0.0.tgz",
      "integrity": "sha512-/kyM18EfinwXZbno9FyUGeFh87KC8HRQBQGildHZbEuRyWFOmv1U10o9BBp8XVZDVNNuQKyIGIu5ZYAAXJ0V2Q=="
    }
  }
}
